---
lockfileVersion: 1
lockfileVendor: redhat
arches:
- arch: x86_64
  packages:
  - url: https://cdn.redhat.com/content/dist/rhel9/9.8/x86_64/baseos/os/Packages/a/acl-2.3.1-4.el9.x86_64.rpm
    repoid: rhel-9-for-x86_64-baseos-rpms
    size: 77226
    checksum: sha256:150d7232faa90f84a09268f8998ee32670eef59cba98612aeb996ab75c4dfcc4
    name: acl
    evr: 2.3.1-4.el9
    sourcerpm: acl-2.3.1-4.el9.src.rpm
  - url: https://cdn.redhat.com/content/dist/rhel9/9.8/x86_64/baseos/os/Packages/b/bc-1.07.1-14.el9.x86_64.rpm
    repoid: rhel-9-for-x86_64-baseos-rpms
    size: 127511
    checksum: sha256:9b6d28a6563d4c9f721f031ab0cf146fed097d8c4d186b57eaa8dd9ceb4d0685
    name: bc
    evr: 1.07.1-14.el9
    sourcerpm: bc-1.07.1-14.el9.src.rpm
  - url: https://cdn.redhat.com/content/dist/rhel9/9.8/x86_64/baseos/os/Packages/c/cracklib-2.9.6-28.el9.x86_64.rpm
    repoid: rhel-9-for-x86_64-baseos-rpms
    size: 102444
    checksum: sha256:3b415381d4bd307686268ec42f646c7770f6a815de73a40a88aab7a7061b30a9
    name: cracklib
    evr: 2.9.6-28.el9
    sourcerpm: cracklib-2.9.6-28.el9.src.rpm
  - url: https://cdn.redhat.com/content/dist/rhel9/9.8/x86_64/baseos/os/Packages/c/cracklib-dicts-2.9.6-28.el9.x86_64.rpm
    repoid: rhel-9-for-x86_64-baseos-rpms
    size: 3829431
    checksum: sha256:61c11d3c23b62016b9939f917bb7f7e03cba324eb4ad35b375387ce9f18e25a1
    name: cracklib-dicts
    evr: 2.9.6-28.el9
    sourcerpm: cracklib-2.9.6-28.el9.src.rpm
  - url: https://cdn.redhat.com/content/dist/rhel9/9.8/x86_64/baseos/os/Packages/d/dbus-1.12.20-8.el9.x86_64.rpm
    repoid: rhel-9-for-x86_64-baseos-rpms
    size: 8073
    checksum: sha256:96b1daa4de0a635ab760a8431fb005022bb7cb48d2d1d3ec9a8adb1798c0e10e
    name: dbus
    evr: 1:1.12.20-8.el9
    sourcerpm: dbus-1.12.20-8.el9.src.rpm
  - url: https://cdn.redhat.com/content/dist/rhel9/9.8/x86_64/baseos/os/Packages/d/dbus-broker-28-7.el9.x86_64.rpm
    repoid: rhel-9-for-x86_64-baseos-rpms
    size: 179634
    checksum: sha256:de9869c08df7f6952787d0335b9bf1a09b328bea920556a59af07c8e085dd3cb
    name: dbus-broker
    evr: 28-7.el9
    sourcerpm: dbus-broker-28-7.el9.src.rpm
  - url: https://cdn.redhat.com/content/dist/rhel9/9.8/x86_64/baseos/os/Packages/d/dbus-common-1.12.20-8.el9.noarch.rpm
    repoid: rhel-9-for-x86_64-baseos-rpms
    size: 18551
    checksum: sha256:298f1cada3cbcef6713098b9925694a0e30e8566f7a5bdbd72384520cf6c8360
    name: dbus-common
    evr: 1:1.12.20-8.el9
    sourcerpm: dbus-1.12.20-8.el9.src.rpm
  - url: https://cdn.redhat.com/content/dist/rhel9/9.8/x86_64/baseos/os/Packages/e/elfutils-libelf-0.194-1.el9.x86_64.rpm
    repoid: rhel-9-for-x86_64-baseos-rpms
    size: 205864
    checksum: sha256:00bbe4776149d8ccedcdf19dd6ceb08c3bb42ff41b98d744abe101af0b11a6c5
    name: elfutils-libelf
    evr: 0.194-1.el9
    sourcerpm: elfutils-0.194-1.el9.src.rpm
  - url: https://cdn.redhat.com/content/dist/rhel9/9.8/x86_64/baseos/os/Packages/e/ethtool-6.15-2.el9.x86_64.rpm
    repoid: rhel-9-for-x86_64-baseos-rpms
    size: 338836
    checksum: sha256:0744800fa666390cdbcf894b59f4c55d448ce29fcc66853fd8d142c23eb89c9c
    name: ethtool
    evr: 2:6.15-2.el9
    sourcerpm: ethtool-6.15-2.el9.src.rpm
  - url: https://cdn.redhat.com/content/dist/rhel9/9.8/x86_64/baseos/os/Packages/e/expat-2.5.0-6.el9_8.1.x86_64.rpm
    repoid: rhel-9-for-x86_64-baseos-rpms
    size: 126909
    checksum: sha256:6a0c98d67b643fe620297e4cd7e990f99a86ed6bc90a8295a952c626ecbb9f62
    name: expat
    evr: 2.5.0-6.el9_8.1
    sourcerpm: expat-2.5.0-6.el9_8.1.src.rpm
  - url: https://cdn.redhat.com/content/dist/rhel9/9.8/x86_64/baseos/os/Packages/g/gzip-1.12-1.el9.x86_64.rpm
    repoid: rhel-9-for-x86_64-baseos-rpms
    size: 171206
    checksum: sha256:c8b3e0414d55b1eedb0185a564ac6cb2368bee2fd5f995447d045f6a714488ac
    name: gzip
    evr: 1.12-1.el9
    sourcerpm: gzip-1.12-1.el9.src.rpm
  - url: https://cdn.redhat.com/content/dist/rhel9/9.8/x86_64/baseos/os/Packages/i/iproute-6.17.0-2.el9.x86_64.rpm
    repoid: rhel-9-for-x86_64-baseos-rpms
    size: 894459
    checksum: sha256:008c615c830a69009a560ce44d9eb5924a793ee89b977856a91f1b7099bad1d5
    name: iproute
    evr: 6.17.0-2.el9
    sourcerpm: iproute-6.17.0-2.el9.src.rpm
  - url: https://cdn.redhat.com/content/dist/rhel9/9.8/x86_64/baseos/os/Packages/i/iptables-libs-1.8.10-11.el9_5.x86_64.rpm
    repoid: rhel-9-for-x86_64-baseos-rpms
    size: 476678
    checksum: sha256:3e79ca4cc3d35c1f1e0ac6c9f05c5be56b7ab6dd1f8ae719a21ec1b9e3bfa018
    name: iptables-libs
    evr: 1.8.10-11.el9_5
    sourcerpm: iptables-1.8.10-11.el9_5.src.rpm
  - url: https://cdn.redhat.com/content/dist/rhel9/9.8/x86_64/baseos/os/Packages/i/iptables-nft-1.8.10-11.el9_5.x86_64.rpm
    repoid: rhel-9-for-x86_64-baseos-rpms
    size: 214056
    checksum: sha256:54e031813637738af285ff4b1c2e4a20b913f2ea643a29940a07ccaf8bd197f5
    name: iptables-nft
    evr: 1.8.10-11.el9_5
    sourcerpm: iptables-1.8.10-11.el9_5.src.rpm
  - url: https://cdn.redhat.com/content/dist/rhel9/9.8/x86_64/baseos/os/Packages/i/iputils-20210202-15.el9_7.x86_64.rpm
    repoid: rhel-9-for-x86_64-baseos-rpms
    size: 177748
    checksum: sha256:f099fdfcdfce422719ca0b7335101ad0a6c2b4c55ac015796d00e675bc02fc11
    name: iputils
    evr: 20210202-15.el9_7
    sourcerpm: iputils-20210202-15.el9_7.src.rpm
  - url: https://cdn.redhat.com/content/dist/rhel9/9.8/x86_64/baseos/os/Packages/j/jansson-2.14-1.el9.x86_64.rpm
    repoid: rhel-9-for-x86_64-baseos-rpms
    size: 49137
    checksum: sha256:4e9aec51ee46d7265d6edd1245b5d5ab5e8336dc2a4ca17f2cace2ce8bae3761
    name: jansson
    evr: 2.14-1.el9
    sourcerpm: jansson-2.14-1.el9.src.rpm
  - url: https://cdn.redhat.com/content/dist/rhel9/9.8/x86_64/baseos/os/Packages/k/kernel-tools-libs-5.14.0-687.15.1.el9_8.x86_64.rpm
    repoid: rhel-9-for-x86_64-baseos-rpms
    size: 980677
    checksum: sha256:4a0668eb206d501d843e3ee60d26cfc2b2123f5ea1621c2fd78929de3d841c24
    name: kernel-tools-libs
    evr: 5.14.0-687.15.1.el9_8
    sourcerpm: kernel-5.14.0-687.15.1.el9_8.src.rpm
  - url: https://cdn.redhat.com/content/dist/rhel9/9.8/x86_64/baseos/os/Packages/k/kmod-28-11.el9.x86_64.rpm
    repoid: rhel-9-for-x86_64-baseos-rpms
    size: 127775
    checksum: sha256:f85ac587f3c6abab55c30986b5f4af790c3fa2f2a413057db8e9250c79825b5d
    name: kmod
    evr: 28-11.el9
    sourcerpm: kmod-28-11.el9.src.rpm
  - url: https://cdn.redhat.com/content/dist/rhel9/9.8/x86_64/baseos/os/Packages/k/kmod-libs-28-11.el9.x86_64.rpm
    repoid: rhel-9-for-x86_64-baseos-rpms
    size: 63619
    checksum: sha256:f296bc24a1b8ba6c40ed73ba736be97ed78e4124b6dbdd8a0a25a9683d4ff1ce
    name: kmod-libs
    evr: 28-11.el9
    sourcerpm: kmod-28-11.el9.src.rpm
  - url: https://cdn.redhat.com/content/dist/rhel9/9.8/x86_64/baseos/os/Packages/l/libbpf-1.5.0-3.el9.x86_64.rpm
    repoid: rhel-9-for-x86_64-baseos-rpms
    size: 188749
    checksum: sha256:72673b289f5b720462aca02125411285b259139988be54dff7646d7639f7b26d
    name: libbpf
    evr: 2:1.5.0-3.el9
    sourcerpm: libbpf-1.5.0-3.el9.src.rpm
  - url: https://cdn.redhat.com/content/dist/rhel9/9.8/x86_64/baseos/os/Packages/l/libdb-5.3.28-57.el9_6.x86_64.rpm
    repoid: rhel-9-for-x86_64-baseos-rpms
    size: 755192
    checksum: sha256:3246e76f197e2b60eb470b9b55d3e0dda2301b029f295fed9c38ff70b87c5b6b
    name: libdb
    evr: 5.3.28-57.el9_6
    sourcerpm: libdb-5.3.28-57.el9_6.src.rpm
  - url: https://cdn.redhat.com/content/dist/rhel9/9.8/x86_64/baseos/os/Packages/l/libeconf-0.4.1-7.el9_8.x86_64.rpm
    repoid: rhel-9-for-x86_64-baseos-rpms
    size: 33179
    checksum: sha256:a570c5baaedeb1445bc2e4f3930b0a709411bbefbdbf463c3e006cbfc7018894
    name: libeconf
    evr: 0.4.1-7.el9_8
    sourcerpm: libeconf-0.4.1-7.el9_8.src.rpm
  - url: https://cdn.redhat.com/content/dist/rhel9/9.8/x86_64/baseos/os/Packages/l/libfdisk-2.37.4-25.el9.x86_64.rpm
    repoid: rhel-9-for-x86_64-baseos-rpms
    size: 161769
    checksum: sha256:1b861f267752e718ce696a80dcc06ef1dde8e9aa73fa2abed3775626d719c124
    name: libfdisk
    evr: 2.37.4-25.el9
    sourcerpm: util-linux-2.37.4-25.el9.src.rpm
  - url: https://cdn.redhat.com/content/dist/rhel9/9.8/x86_64/baseos/os/Packages/l/libibverbs-61.0-2.el9.x86_64.rpm
    repoid: rhel-9-for-x86_64-baseos-rpms
    size: 498499
    checksum: sha256:4789955ff27b0339c2b61ad52d492965e0ad7f02cd44b68370ca82d6aa596b41
    name: libibverbs
    evr: 61.0-2.el9
    sourcerpm: rdma-core-61.0-2.el9.src.rpm
  - url: https://cdn.redhat.com/content/dist/rhel9/9.8/x86_64/baseos/os/Packages/l/libmnl-1.0.4-16.el9_4.x86_64.rpm
    repoid: rhel-9-for-x86_64-baseos-rpms
    size: 30949
    checksum: sha256:badfd4eb5b7cd3622da84168674002ec718ef810ce615a1113d3e19e265b777e
    name: libmnl
    evr: 1.0.4-16.el9_4
    sourcerpm: libmnl-1.0.4-16.el9_4.src.rpm
  - url: https://cdn.redhat.com/content/dist/rhel9/9.8/x86_64/baseos/os/Packages/l/libnetfilter_conntrack-1.0.9-1.el9.x86_64.rpm
    repoid: rhel-9-for-x86_64-baseos-rpms
    size: 62066
    checksum: sha256:beeb73e78390077c6afd9ed6177bad8bad278dbfaae9d90edf7243cdf6a44a3f
    name: libnetfilter_conntrack
    evr: 1.0.9-1.el9
    sourcerpm: libnetfilter_conntrack-1.0.9-1.el9.src.rpm
  - url: https://cdn.redhat.com/content/dist/rhel9/9.8/x86_64/baseos/os/Packages/l/libnfnetlink-1.0.1-23.el9_5.x86_64.rpm
    repoid: rhel-9-for-x86_64-baseos-rpms
    size: 32236
    checksum: sha256:177882bfe48c9c9effc7b1bce6b58b2466988c53e400c07fb1ba2d3a4ebe6f40
    name: libnfnetlink
    evr: 1.0.1-23.el9_5
    sourcerpm: libnfnetlink-1.0.1-23.el9_5.src.rpm
  - url: https://cdn.redhat.com/content/dist/rhel9/9.8/x86_64/baseos/os/Packages/l/libnftnl-1.2.6-4.el9_4.x86_64.rpm
    repoid: rhel-9-for-x86_64-baseos-rpms
    size: 91380
    checksum: sha256:e64d7b270be4be36af80ed220852cb760a1069e34667b1ba9eec7a02762a14bf
    name: libnftnl
    evr: 1.2.6-4.el9_4
    sourcerpm: libnftnl-1.2.6-4.el9_4.src.rpm
  - url: https://cdn.redhat.com/content/dist/rhel9/9.8/x86_64/baseos/os/Packages/l/libnl3-3.11.0-1.el9.x86_64.rpm
    repoid: rhel-9-for-x86_64-baseos-rpms
    size: 376137
    checksum: sha256:89728a253a5bf1c8e01c40573f1283d40188e003bdbd4ac565f8b0f05bced55c
    name: libnl3
    evr: 3.11.0-1.el9
    sourcerpm: libnl3-3.11.0-1.el9.src.rpm
  - url: https://cdn.redhat.com/content/dist/rhel9/9.8/x86_64/baseos/os/Packages/l/libpcap-1.10.0-4.el9.x86_64.rpm
    repoid: rhel-9-for-x86_64-baseos-rpms
    size: 180846
    checksum: sha256:3c0c51cc6b947970812238914713f1f96aa5e9bdaaceb6ee50249540ad89f05b
    name: libpcap
    evr: 14:1.10.0-4.el9
    sourcerpm: libpcap-1.10.0-4.el9.src.rpm
  - url: https://cdn.redhat.com/content/dist/rhel9/9.8/x86_64/baseos/os/Packages/l/libpwquality-1.4.4-8.el9.x86_64.rpm
    repoid: rhel-9-for-x86_64-baseos-rpms
    size: 126104
    checksum: sha256:14b7ff2f7fdaf8ebec90261f4619ea7f7c3564c4de8483666de7ed4b1f49b66f
    name: libpwquality
    evr: 1.4.4-8.el9
    sourcerpm: libpwquality-1.4.4-8.el9.src.rpm
  - url: https://cdn.redhat.com/content/dist/rhel9/9.8/x86_64/baseos/os/Packages/l/libseccomp-2.5.2-2.el9.x86_64.rpm
    repoid: rhel-9-for-x86_64-baseos-rpms
    size: 76200
    checksum: sha256:e2015f60dbe784330d5df43f3f05c68c307694600a636a1706bf86527cc82e82
    name: libseccomp
    evr: 2.5.2-2.el9
    sourcerpm: libseccomp-2.5.2-2.el9.src.rpm
  - url: https://cdn.redhat.com/content/dist/rhel9/9.8/x86_64/baseos/os/Packages/l/libutempter-1.2.1-6.el9.x86_64.rpm
    repoid: rhel-9-for-x86_64-baseos-rpms
    size: 30354
    checksum: sha256:0f1df5e0d48c2ac9914bfffa7ed569cd58e42b17ba96bb3f7cf74d1e80de2597
    name: libutempter
    evr: 1.2.1-6.el9
    sourcerpm: libutempter-1.2.1-6.el9.src.rpm
  - url: https://cdn.redhat.com/content/dist/rhel9/9.8/x86_64/baseos/os/Packages/l/lksctp-tools-1.0.19-3.el9_4.x86_64.rpm
    repoid: rhel-9-for-x86_64-baseos-rpms
    size: 106024
    checksum: sha256:ac2fc5dcba641ec68b03db44c0b644ef10661bc89a060be2aa1eaa9c6a4215db
    name: lksctp-tools
    evr: 1.0.19-3.el9_4
    sourcerpm: lksctp-tools-1.0.19-3.el9_4.src.rpm
  - url: https://cdn.redhat.com/content/dist/rhel9/9.8/x86_64/baseos/os/Packages/n/nftables-1.0.9-7.el9_8.x86_64.rpm
    repoid: rhel-9-for-x86_64-baseos-rpms
    size: 437853
    checksum: sha256:175e5a5110125df894ef6f7cf7cb657cf16a3c5cee2b2847cb6e285d56c79396
    name: nftables
    evr: 1:1.0.9-7.el9_8
    sourcerpm: nftables-1.0.9-7.el9_8.src.rpm
  - url: https://cdn.redhat.com/content/dist/rhel9/9.8/x86_64/baseos/os/Packages/n/numactl-libs-2.0.19-3.el9.x86_64.rpm
    repoid: rhel-9-for-x86_64-baseos-rpms
    size: 31071
    checksum: sha256:dcf66dcbdacd6d030f240de129ba1e939c30ed4217ccf40d36dcaebb3aa9e728
    name: numactl-libs
    evr: 2.0.19-3.el9
    sourcerpm: numactl-2.0.19-3.el9.src.rpm
  - url: https://cdn.redhat.com/content/dist/rhel9/9.8/x86_64/baseos/os/Packages/o/openssl-3.5.5-4.el9_8.x86_64.rpm
    repoid: rhel-9-for-x86_64-baseos-rpms
    size: 1564134
    checksum: sha256:e0e2c1f901d3f6245ff43f194ac11ba133cf99c630307239722c07a2282a1356
    name: openssl
    evr: 1:3.5.5-4.el9_8
    sourcerpm: openssl-3.5.5-4.el9_8.src.rpm
  - url: https://cdn.redhat.com/content/dist/rhel9/9.8/x86_64/baseos/os/Packages/p/pam-1.5.1-28.el9.x86_64.rpm
    repoid: rhel-9-for-x86_64-baseos-rpms
    size: 637912
    checksum: sha256:15a0a5000af6f57f47c30682f7aacf3959903788e68255132b6a05bb4b713ab1
    name: pam
    evr: 1.5.1-28.el9
    sourcerpm: pam-1.5.1-28.el9.src.rpm
  - url: https://cdn.redhat.com/content/dist/rhel9/9.8/x86_64/baseos/os/Packages/p/procps-ng-3.3.17-14.el9.x86_64.rpm
    repoid: rhel-9-for-x86_64-baseos-rpms
    size: 361526
    checksum: sha256:506ad778f63821e8d9647ca8e0a3ff21b8af9c1666060d5200f9b26ee718333c
    name: procps-ng
    evr: 3.3.17-14.el9
    sourcerpm: procps-ng-3.3.17-14.el9.src.rpm
  - url: https://cdn.redhat.com/content/dist/rhel9/9.8/x86_64/baseos/os/Packages/p/psmisc-23.4-3.el9.x86_64.rpm
    repoid: rhel-9-for-x86_64-baseos-rpms
    size: 253357
    checksum: sha256:30ad5408417c7f06fb945dc321bef3ce31f813f25389707dd1efa7c1d337b806
    name: psmisc
    evr: 23.4-3.el9
    sourcerpm: psmisc-23.4-3.el9.src.rpm
  - url: https://cdn.redhat.com/content/dist/rhel9/9.8/x86_64/baseos/os/Packages/p/python3-3.9.25-7.el9_8.x86_64.rpm
    repoid: rhel-9-for-x86_64-baseos-rpms
    size: 33674
    checksum: sha256:6e19476d33bcc02b1c275c7d01131c3a15f3160d1bbc03348c7929aebbb3f686
    name: python3
    evr: 3.9.25-7.el9_8
    sourcerpm: python3.9-3.9.25-7.el9_8.src.rpm
  - url: https://cdn.redhat.com/content/dist/rhel9/9.8/x86_64/baseos/os/Packages/p/python3-libs-3.9.25-7.el9_8.x86_64.rpm
    repoid: rhel-9-for-x86_64-baseos-rpms
    size: 8482615
    checksum: sha256:91a38a134da1fdf79c721099cf733613b676f1c200f63e434319a34e6d8005be
    name: python3-libs
    evr: 3.9.25-7.el9_8
    sourcerpm: python3.9-3.9.25-7.el9_8.src.rpm
  - url: https://cdn.redhat.com/content/dist/rhel9/9.8/x86_64/baseos/os/Packages/p/python3-pip-wheel-21.3.1-2.el9_8.noarch.rpm
    repoid: rhel-9-for-x86_64-baseos-rpms
    size: 1198443
    checksum: sha256:918041963ad5c3b91276bf1ed3307280673ca8352e2e632bbb3847b33d2bc15a
    name: python3-pip-wheel
    evr: 21.3.1-2.el9_8
    sourcerpm: python-pip-21.3.1-2.el9_8.src.rpm
  - url: https://cdn.redhat.com/content/dist/rhel9/9.8/x86_64/baseos/os/Packages/p/python3-setuptools-wheel-53.0.0-15.el9.noarch.rpm
    repoid: rhel-9-for-x86_64-baseos-rpms
    size: 479203
    checksum: sha256:36dacb345e21bc0308ef2508f0c93995520a15ef0b56aab3593186c8dc9c0c5a
    name: python3-setuptools-wheel
    evr: 53.0.0-15.el9
    sourcerpm: python-setuptools-53.0.0-15.el9.src.rpm
  - url: https://cdn.redhat.com/content/dist/rhel9/9.8/x86_64/baseos/os/Packages/s/systemd-252-67.el9_8.2.x86_64.rpm
    repoid: rhel-9-for-x86_64-baseos-rpms
    size: 4397848
    checksum: sha256:fa993eb11a345c8082b75bd989b7f81d9c15232c4424892256ca479f65bbaee1
    name: systemd
    evr: 252-67.el9_8.2
    sourcerpm: systemd-252-67.el9_8.2.src.rpm
  - url: https://cdn.redhat.com/content/dist/rhel9/9.8/x86_64/baseos/os/Packages/s/systemd-pam-252-67.el9_8.2.x86_64.rpm
    repoid: rhel-9-for-x86_64-baseos-rpms
    size: 277510
    checksum: sha256:8595b54b71be77fafbbbfd5f40d8afd26d489094955979c0cad486e809f99667
    name: systemd-pam
    evr: 252-67.el9_8.2
    sourcerpm: systemd-252-67.el9_8.2.src.rpm
  - url: https://cdn.redhat.com/content/dist/rhel9/9.8/x86_64/baseos/os/Packages/s/systemd-rpm-macros-252-67.el9_8.2.noarch.rpm
    repoid: rhel-9-for-x86_64-baseos-rpms
    size: 60014
    checksum: sha256:40414d69836b9e6b409c63ff8fa3b443321bfe5f5074e1ca90367d215f9b5afc
    name: systemd-rpm-macros
    evr: 252-67.el9_8.2
    sourcerpm: systemd-252-67.el9_8.2.src.rpm
  - url: https://cdn.redhat.com/content/dist/rhel9/9.8/x86_64/baseos/os/Packages/u/util-linux-2.37.4-25.el9.x86_64.rpm
    repoid: rhel-9-for-x86_64-baseos-rpms
    size: 2382511
    checksum: sha256:35e0b73e574a7d8e93af0adf54adb2303f03423fd5761e357df86288f59d7933
    name: util-linux
    evr: 2.37.4-25.el9
    sourcerpm: util-linux-2.37.4-25.el9.src.rpm
  - url: https://cdn.redhat.com/content/dist/rhel9/9.8/x86_64/baseos/os/Packages/u/util-linux-core-2.37.4-25.el9.x86_64.rpm
    repoid: rhel-9-for-x86_64-baseos-rpms
    size: 476811
    checksum: sha256:5575c8fc753d5a81022786dac33e172a6d1602ef41d247a58465754d3f952726
    name: util-linux-core
    evr: 2.37.4-25.el9
    sourcerpm: util-linux-2.37.4-25.el9.src.rpm
  - url: https://cdn.redhat.com/content/eus/rhel9/9.8/x86_64/appstream/os/Packages/i/iperf3-3.9-17.el9_8.x86_64.rpm
    repoid: rhel-9-for-x86_64-appstream-eus-rpms
    size: 116104
    checksum: sha256:6cb38c12dce9b3214db2330c176f9788c8168f43a3f84b79f50b5d991c4a3368
    name: iperf3
    evr: 3.9-17.el9_8
    sourcerpm: iperf3-3.9-17.el9_8.src.rpm
  - url: https://cdn.redhat.com/content/eus/rhel9/9.8/x86_64/appstream/os/Packages/l/libxcrypt-compat-4.4.18-3.el9.x86_64.rpm
    repoid: rhel-9-for-x86_64-appstream-eus-rpms
    size: 93189
    checksum: sha256:2bd6c288e1970a001d3a1ae69166c0d926d9c87ce892edcb2110f4e142c12a7a
    name: libxcrypt-compat
    evr: 4.4.18-3.el9
    sourcerpm: libxcrypt-4.4.18-3.el9.src.rpm
  - url: https://cdn.redhat.com/content/eus/rhel9/9.8/x86_64/appstream/os/Packages/l/linuxptp-4.4-4.el9_7.x86_64.rpm
    repoid: rhel-9-for-x86_64-appstream-eus-rpms
    size: 308078
    checksum: sha256:11c892739460f060536cb8e49f8094e15a57d7fdb6cf97328441c3522be5d762
    name: linuxptp
    evr: 4.4-4.el9_7
    sourcerpm: linuxptp-4.4-4.el9_7.src.rpm
  - url: https://cdn.redhat.com/content/eus/rhel9/9.8/x86_64/appstream/os/Packages/n/nmap-ncat-7.92-5.el9.x86_64.rpm
    repoid: rhel-9-for-x86_64-appstream-eus-rpms
    size: 236896
    checksum: sha256:2de304bc963e3d03b61716289e7e5504267646b3192da24f98f8e278068fec3e
    name: nmap-ncat
    evr: 3:7.92-5.el9
    sourcerpm: nmap-7.92-5.el9.src.rpm
  - url: https://cdn.redhat.com/content/eus/rhel9/9.8/x86_64/appstream/os/Packages/p/python-unversioned-command-3.9.25-7.el9_8.noarch.rpm
    repoid: rhel-9-for-x86_64-appstream-eus-rpms
    size: 16290
    checksum: sha256:39bf583a997d1ab3f708e15f3825dafdadd9232ec221afa1406dc2cd89634660
    name: python-unversioned-command
    evr: 3.9.25-7.el9_8
    sourcerpm: python3.9-3.9.25-7.el9_8.src.rpm
  - url: https://cdn.redhat.com/content/eus/rhel9/9.8/x86_64/appstream/os/Packages/r/realtime-tests-2.9-1.el9.x86_64.rpm
    repoid: rhel-9-for-x86_64-appstream-eus-rpms
    size: 196448
    checksum: sha256:3c02891babb9c80e096b92847cd08cc5fe50374eacb9fd04b4148f8ad4a655ff
    name: realtime-tests
    evr: 2.9-1.el9
    sourcerpm: realtime-tests-2.9-1.el9.src.rpm
  source: []
  module_metadata: []
