---
lockfileVersion: 1
lockfileVendor: redhat
arches:
- arch: x86_64
  packages:
  - url: https://cdn.redhat.com/content/dist/rhel9/9.7/x86_64/appstream/os/Packages/i/iperf3-3.9-14.el9_7.1.x86_64.rpm
    repoid: rhel-9-for-x86_64-appstream-rpms
    size: 115589
    checksum: sha256:5f91ef6d32f64b0be044c5f9c33fa687039d66e6797746493a7590a489226802
    name: iperf3
    evr: 3.9-14.el9_7.1
    sourcerpm: iperf3-3.9-14.el9_7.1.src.rpm
  - url: https://cdn.redhat.com/content/dist/rhel9/9.7/x86_64/appstream/os/Packages/l/libxcrypt-compat-4.4.18-3.el9.x86_64.rpm
    repoid: rhel-9-for-x86_64-appstream-rpms
    size: 93189
    checksum: sha256:2bd6c288e1970a001d3a1ae69166c0d926d9c87ce892edcb2110f4e142c12a7a
    name: libxcrypt-compat
    evr: 4.4.18-3.el9
    sourcerpm: libxcrypt-4.4.18-3.el9.src.rpm
  - url: https://cdn.redhat.com/content/dist/rhel9/9.7/x86_64/appstream/os/Packages/l/linuxptp-4.4-4.el9_7.x86_64.rpm
    repoid: rhel-9-for-x86_64-appstream-rpms
    size: 308078
    checksum: sha256:11c892739460f060536cb8e49f8094e15a57d7fdb6cf97328441c3522be5d762
    name: linuxptp
    evr: 4.4-4.el9_7
    sourcerpm: linuxptp-4.4-4.el9_7.src.rpm
  - url: https://cdn.redhat.com/content/dist/rhel9/9.7/x86_64/appstream/os/Packages/n/nmap-ncat-7.92-3.el9.x86_64.rpm
    repoid: rhel-9-for-x86_64-appstream-rpms
    size: 234565
    checksum: sha256:4107c9b2ac6fe1a6be44088f79fcafd012e22c7867dad98741c88590cadeb5a2
    name: nmap-ncat
    evr: 3:7.92-3.el9
    sourcerpm: nmap-7.92-3.el9.src.rpm
  - url: https://cdn.redhat.com/content/dist/rhel9/9.7/x86_64/appstream/os/Packages/p/python-unversioned-command-3.9.25-3.el9_7.noarch.rpm
    repoid: rhel-9-for-x86_64-appstream-rpms
    size: 15791
    checksum: sha256:624671b3cc8d4e90eb53a05aae5c5533c6f9f4cb9c18ec0720ac98e328b8f69b
    name: python-unversioned-command
    evr: 3.9.25-3.el9_7
    sourcerpm: python3.9-3.9.25-3.el9_7.src.rpm
  - url: https://cdn.redhat.com/content/dist/rhel9/9.7/x86_64/appstream/os/Packages/r/realtime-tests-2.9-1.el9.x86_64.rpm
    repoid: rhel-9-for-x86_64-appstream-rpms
    size: 196448
    checksum: sha256:3c02891babb9c80e096b92847cd08cc5fe50374eacb9fd04b4148f8ad4a655ff
    name: realtime-tests
    evr: 2.9-1.el9
    sourcerpm: realtime-tests-2.9-1.el9.src.rpm
  - url: https://cdn.redhat.com/content/dist/rhel9/9.7/x86_64/baseos/os/Packages/a/acl-2.3.1-4.el9.x86_64.rpm
    repoid: rhel-9-for-x86_64-baseos-rpms
    size: 77226
    checksum: sha256:150d7232faa90f84a09268f8998ee32670eef59cba98612aeb996ab75c4dfcc4
    name: acl
    evr: 2.3.1-4.el9
    sourcerpm: acl-2.3.1-4.el9.src.rpm
  - url: https://cdn.redhat.com/content/dist/rhel9/9.7/x86_64/baseos/os/Packages/b/bc-1.07.1-14.el9.x86_64.rpm
    repoid: rhel-9-for-x86_64-baseos-rpms
    size: 127511
    checksum: sha256:9b6d28a6563d4c9f721f031ab0cf146fed097d8c4d186b57eaa8dd9ceb4d0685
    name: bc
    evr: 1.07.1-14.el9
    sourcerpm: bc-1.07.1-14.el9.src.rpm
  - url: https://cdn.redhat.com/content/dist/rhel9/9.7/x86_64/baseos/os/Packages/c/cracklib-2.9.6-27.el9.x86_64.rpm
    repoid: rhel-9-for-x86_64-baseos-rpms
    size: 100903
    checksum: sha256:8551b711718596fbfef6622bbf32f785864959af9d06a76da2545ec9f3a126e7
    name: cracklib
    evr: 2.9.6-27.el9
    sourcerpm: cracklib-2.9.6-27.el9.src.rpm
  - url: https://cdn.redhat.com/content/dist/rhel9/9.7/x86_64/baseos/os/Packages/c/cracklib-dicts-2.9.6-27.el9.x86_64.rpm
    repoid: rhel-9-for-x86_64-baseos-rpms
    size: 3821230
    checksum: sha256:ab4356c86bdc996dc9e55703a7ae936e3e46aec6ebf6d6f008e126ff06e83df2
    name: cracklib-dicts
    evr: 2.9.6-27.el9
    sourcerpm: cracklib-2.9.6-27.el9.src.rpm
  - url: https://cdn.redhat.com/content/dist/rhel9/9.7/x86_64/baseos/os/Packages/d/dbus-1.12.20-8.el9.x86_64.rpm
    repoid: rhel-9-for-x86_64-baseos-rpms
    size: 8073
    checksum: sha256:96b1daa4de0a635ab760a8431fb005022bb7cb48d2d1d3ec9a8adb1798c0e10e
    name: dbus
    evr: 1:1.12.20-8.el9
    sourcerpm: dbus-1.12.20-8.el9.src.rpm
  - url: https://cdn.redhat.com/content/dist/rhel9/9.7/x86_64/baseos/os/Packages/d/dbus-broker-28-7.el9.x86_64.rpm
    repoid: rhel-9-for-x86_64-baseos-rpms
    size: 179634
    checksum: sha256:de9869c08df7f6952787d0335b9bf1a09b328bea920556a59af07c8e085dd3cb
    name: dbus-broker
    evr: 28-7.el9
    sourcerpm: dbus-broker-28-7.el9.src.rpm
  - url: https://cdn.redhat.com/content/dist/rhel9/9.7/x86_64/baseos/os/Packages/d/dbus-common-1.12.20-8.el9.noarch.rpm
    repoid: rhel-9-for-x86_64-baseos-rpms
    size: 18551
    checksum: sha256:298f1cada3cbcef6713098b9925694a0e30e8566f7a5bdbd72384520cf6c8360
    name: dbus-common
    evr: 1:1.12.20-8.el9
    sourcerpm: dbus-1.12.20-8.el9.src.rpm
  - url: https://cdn.redhat.com/content/dist/rhel9/9.7/x86_64/baseos/os/Packages/e/elfutils-libelf-0.193-1.el9.x86_64.rpm
    repoid: rhel-9-for-x86_64-baseos-rpms
    size: 209533
    checksum: sha256:c37308dadac722a4fc928cb4b919c0c5561c458169f754beb7375eb067012195
    name: elfutils-libelf
    evr: 0.193-1.el9
    sourcerpm: elfutils-0.193-1.el9.src.rpm
  - url: https://cdn.redhat.com/content/dist/rhel9/9.7/x86_64/baseos/os/Packages/e/ethtool-6.15-2.el9.x86_64.rpm
    repoid: rhel-9-for-x86_64-baseos-rpms
    size: 338836
    checksum: sha256:0744800fa666390cdbcf894b59f4c55d448ce29fcc66853fd8d142c23eb89c9c
    name: ethtool
    evr: 2:6.15-2.el9
    sourcerpm: ethtool-6.15-2.el9.src.rpm
  - url: https://cdn.redhat.com/content/dist/rhel9/9.7/x86_64/baseos/os/Packages/e/expat-2.5.0-5.el9_7.1.x86_64.rpm
    repoid: rhel-9-for-x86_64-baseos-rpms
    size: 120241
    checksum: sha256:e8ce7bfb8667fc6e4d080f4cae71e175a25cc78b5389a41e3e2e05ffe8edeafe
    name: expat
    evr: 2.5.0-5.el9_7.1
    sourcerpm: expat-2.5.0-5.el9_7.1.src.rpm
  - url: https://cdn.redhat.com/content/dist/rhel9/9.7/x86_64/baseos/os/Packages/f/findutils-4.8.0-7.el9.x86_64.rpm
    repoid: rhel-9-for-x86_64-baseos-rpms
    size: 563531
    checksum: sha256:a6328afea0a11647b7fb5c48436f0af6c795407bac0650676d3196dd47070de6
    name: findutils
    evr: 1:4.8.0-7.el9
    sourcerpm: findutils-4.8.0-7.el9.src.rpm
  - url: https://cdn.redhat.com/content/dist/rhel9/9.7/x86_64/baseos/os/Packages/g/gzip-1.12-1.el9.x86_64.rpm
    repoid: rhel-9-for-x86_64-baseos-rpms
    size: 171206
    checksum: sha256:c8b3e0414d55b1eedb0185a564ac6cb2368bee2fd5f995447d045f6a714488ac
    name: gzip
    evr: 1.12-1.el9
    sourcerpm: gzip-1.12-1.el9.src.rpm
  - url: https://cdn.redhat.com/content/dist/rhel9/9.7/x86_64/baseos/os/Packages/i/iproute-6.14.0-2.el9.x86_64.rpm
    repoid: rhel-9-for-x86_64-baseos-rpms
    size: 855964
    checksum: sha256:e494cc6c8808abac4ac12457596791179744c3df6aa7a57191ae487762a66c4a
    name: iproute
    evr: 6.14.0-2.el9
    sourcerpm: iproute-6.14.0-2.el9.src.rpm
  - url: https://cdn.redhat.com/content/dist/rhel9/9.7/x86_64/baseos/os/Packages/i/iptables-libs-1.8.10-11.el9_5.x86_64.rpm
    repoid: rhel-9-for-x86_64-baseos-rpms
    size: 476678
    checksum: sha256:3e79ca4cc3d35c1f1e0ac6c9f05c5be56b7ab6dd1f8ae719a21ec1b9e3bfa018
    name: iptables-libs
    evr: 1.8.10-11.el9_5
    sourcerpm: iptables-1.8.10-11.el9_5.src.rpm
  - url: https://cdn.redhat.com/content/dist/rhel9/9.7/x86_64/baseos/os/Packages/i/iptables-nft-1.8.10-11.el9_5.x86_64.rpm
    repoid: rhel-9-for-x86_64-baseos-rpms
    size: 214056
    checksum: sha256:54e031813637738af285ff4b1c2e4a20b913f2ea643a29940a07ccaf8bd197f5
    name: iptables-nft
    evr: 1.8.10-11.el9_5
    sourcerpm: iptables-1.8.10-11.el9_5.src.rpm
  - url: https://cdn.redhat.com/content/dist/rhel9/9.7/x86_64/baseos/os/Packages/i/iputils-20210202-15.el9_7.x86_64.rpm
    repoid: rhel-9-for-x86_64-baseos-rpms
    size: 177748
    checksum: sha256:f099fdfcdfce422719ca0b7335101ad0a6c2b4c55ac015796d00e675bc02fc11
    name: iputils
    evr: 20210202-15.el9_7
    sourcerpm: iputils-20210202-15.el9_7.src.rpm
  - url: https://cdn.redhat.com/content/dist/rhel9/9.7/x86_64/baseos/os/Packages/j/jansson-2.14-1.el9.x86_64.rpm
    repoid: rhel-9-for-x86_64-baseos-rpms
    size: 49137
    checksum: sha256:4e9aec51ee46d7265d6edd1245b5d5ab5e8336dc2a4ca17f2cace2ce8bae3761
    name: jansson
    evr: 2.14-1.el9
    sourcerpm: jansson-2.14-1.el9.src.rpm
  - url: https://cdn.redhat.com/content/dist/rhel9/9.7/x86_64/baseos/os/Packages/k/kernel-tools-libs-5.14.0-611.34.1.el9_7.x86_64.rpm
    repoid: rhel-9-for-x86_64-baseos-rpms
    size: 1179465
    checksum: sha256:c68fd87f678c65bac4938b5d911902ab28aeab1153f3ceed18e38dbb0cc961e3
    name: kernel-tools-libs
    evr: 5.14.0-611.34.1.el9_7
    sourcerpm: kernel-5.14.0-611.34.1.el9_7.src.rpm
  - url: https://cdn.redhat.com/content/dist/rhel9/9.7/x86_64/baseos/os/Packages/k/kmod-28-11.el9.x86_64.rpm
    repoid: rhel-9-for-x86_64-baseos-rpms
    size: 127775
    checksum: sha256:f85ac587f3c6abab55c30986b5f4af790c3fa2f2a413057db8e9250c79825b5d
    name: kmod
    evr: 28-11.el9
    sourcerpm: kmod-28-11.el9.src.rpm
  - url: https://cdn.redhat.com/content/dist/rhel9/9.7/x86_64/baseos/os/Packages/k/kmod-libs-28-11.el9.x86_64.rpm
    repoid: rhel-9-for-x86_64-baseos-rpms
    size: 63619
    checksum: sha256:f296bc24a1b8ba6c40ed73ba736be97ed78e4124b6dbdd8a0a25a9683d4ff1ce
    name: kmod-libs
    evr: 28-11.el9
    sourcerpm: kmod-28-11.el9.src.rpm
  - url: https://cdn.redhat.com/content/dist/rhel9/9.7/x86_64/baseos/os/Packages/l/libbpf-1.5.0-2.el9.x86_64.rpm
    repoid: rhel-9-for-x86_64-baseos-rpms
    size: 190170
    checksum: sha256:2343be1ae324535811fb6b952ff0d8c23ba5a326582883055d7ed8f0e71433ca
    name: libbpf
    evr: 2:1.5.0-2.el9
    sourcerpm: libbpf-1.5.0-2.el9.src.rpm
  - url: https://cdn.redhat.com/content/dist/rhel9/9.7/x86_64/baseos/os/Packages/l/libdb-5.3.28-57.el9_6.x86_64.rpm
    repoid: rhel-9-for-x86_64-baseos-rpms
    size: 755192
    checksum: sha256:3246e76f197e2b60eb470b9b55d3e0dda2301b029f295fed9c38ff70b87c5b6b
    name: libdb
    evr: 5.3.28-57.el9_6
    sourcerpm: libdb-5.3.28-57.el9_6.src.rpm
  - url: https://cdn.redhat.com/content/dist/rhel9/9.7/x86_64/baseos/os/Packages/l/libeconf-0.4.1-4.el9.x86_64.rpm
    repoid: rhel-9-for-x86_64-baseos-rpms
    size: 30371
    checksum: sha256:f7998382ca1be7836f6af05d42dc03f88799abcb10aa7a761e16f74058598012
    name: libeconf
    evr: 0.4.1-4.el9
    sourcerpm: libeconf-0.4.1-4.el9.src.rpm
  - url: https://cdn.redhat.com/content/dist/rhel9/9.7/x86_64/baseos/os/Packages/l/libfdisk-2.37.4-21.el9_7.x86_64.rpm
    repoid: rhel-9-for-x86_64-baseos-rpms
    size: 161481
    checksum: sha256:833ea0e100e0404affc6d103db64b8aa685e73886f2651c4073d0f3cd35a42e0
    name: libfdisk
    evr: 2.37.4-21.el9_7
    sourcerpm: util-linux-2.37.4-21.el9_7.src.rpm
  - url: https://cdn.redhat.com/content/dist/rhel9/9.7/x86_64/baseos/os/Packages/l/libibverbs-57.0-2.el9.x86_64.rpm
    repoid: rhel-9-for-x86_64-baseos-rpms
    size: 463544
    checksum: sha256:d96bbefb46683bd3ddfffd0668898c591f253dfca25e5ac2ddf90f812512e5b7
    name: libibverbs
    evr: 57.0-2.el9
    sourcerpm: rdma-core-57.0-2.el9.src.rpm
  - url: https://cdn.redhat.com/content/dist/rhel9/9.7/x86_64/baseos/os/Packages/l/libmnl-1.0.4-16.el9_4.x86_64.rpm
    repoid: rhel-9-for-x86_64-baseos-rpms
    size: 30949
    checksum: sha256:badfd4eb5b7cd3622da84168674002ec718ef810ce615a1113d3e19e265b777e
    name: libmnl
    evr: 1.0.4-16.el9_4
    sourcerpm: libmnl-1.0.4-16.el9_4.src.rpm
  - url: https://cdn.redhat.com/content/dist/rhel9/9.7/x86_64/baseos/os/Packages/l/libnetfilter_conntrack-1.0.9-1.el9.x86_64.rpm
    repoid: rhel-9-for-x86_64-baseos-rpms
    size: 62066
    checksum: sha256:beeb73e78390077c6afd9ed6177bad8bad278dbfaae9d90edf7243cdf6a44a3f
    name: libnetfilter_conntrack
    evr: 1.0.9-1.el9
    sourcerpm: libnetfilter_conntrack-1.0.9-1.el9.src.rpm
  - url: https://cdn.redhat.com/content/dist/rhel9/9.7/x86_64/baseos/os/Packages/l/libnfnetlink-1.0.1-23.el9_5.x86_64.rpm
    repoid: rhel-9-for-x86_64-baseos-rpms
    size: 32236
    checksum: sha256:177882bfe48c9c9effc7b1bce6b58b2466988c53e400c07fb1ba2d3a4ebe6f40
    name: libnfnetlink
    evr: 1.0.1-23.el9_5
    sourcerpm: libnfnetlink-1.0.1-23.el9_5.src.rpm
  - url: https://cdn.redhat.com/content/dist/rhel9/9.7/x86_64/baseos/os/Packages/l/libnftnl-1.2.6-4.el9_4.x86_64.rpm
    repoid: rhel-9-for-x86_64-baseos-rpms
    size: 91380
    checksum: sha256:e64d7b270be4be36af80ed220852cb760a1069e34667b1ba9eec7a02762a14bf
    name: libnftnl
    evr: 1.2.6-4.el9_4
    sourcerpm: libnftnl-1.2.6-4.el9_4.src.rpm
  - url: https://cdn.redhat.com/content/dist/rhel9/9.7/x86_64/baseos/os/Packages/l/libnl3-3.11.0-1.el9.x86_64.rpm
    repoid: rhel-9-for-x86_64-baseos-rpms
    size: 376137
    checksum: sha256:89728a253a5bf1c8e01c40573f1283d40188e003bdbd4ac565f8b0f05bced55c
    name: libnl3
    evr: 3.11.0-1.el9
    sourcerpm: libnl3-3.11.0-1.el9.src.rpm
  - url: https://cdn.redhat.com/content/dist/rhel9/9.7/x86_64/baseos/os/Packages/l/libpcap-1.10.0-4.el9.x86_64.rpm
    repoid: rhel-9-for-x86_64-baseos-rpms
    size: 180846
    checksum: sha256:3c0c51cc6b947970812238914713f1f96aa5e9bdaaceb6ee50249540ad89f05b
    name: libpcap
    evr: 14:1.10.0-4.el9
    sourcerpm: libpcap-1.10.0-4.el9.src.rpm
  - url: https://cdn.redhat.com/content/dist/rhel9/9.7/x86_64/baseos/os/Packages/l/libpwquality-1.4.4-8.el9.x86_64.rpm
    repoid: rhel-9-for-x86_64-baseos-rpms
    size: 126104
    checksum: sha256:14b7ff2f7fdaf8ebec90261f4619ea7f7c3564c4de8483666de7ed4b1f49b66f
    name: libpwquality
    evr: 1.4.4-8.el9
    sourcerpm: libpwquality-1.4.4-8.el9.src.rpm
  - url: https://cdn.redhat.com/content/dist/rhel9/9.7/x86_64/baseos/os/Packages/l/libseccomp-2.5.2-2.el9.x86_64.rpm
    repoid: rhel-9-for-x86_64-baseos-rpms
    size: 76200
    checksum: sha256:e2015f60dbe784330d5df43f3f05c68c307694600a636a1706bf86527cc82e82
    name: libseccomp
    evr: 2.5.2-2.el9
    sourcerpm: libseccomp-2.5.2-2.el9.src.rpm
  - url: https://cdn.redhat.com/content/dist/rhel9/9.7/x86_64/baseos/os/Packages/l/libutempter-1.2.1-6.el9.x86_64.rpm
    repoid: rhel-9-for-x86_64-baseos-rpms
    size: 30354
    checksum: sha256:0f1df5e0d48c2ac9914bfffa7ed569cd58e42b17ba96bb3f7cf74d1e80de2597
    name: libutempter
    evr: 1.2.1-6.el9
    sourcerpm: libutempter-1.2.1-6.el9.src.rpm
  - url: https://cdn.redhat.com/content/dist/rhel9/9.7/x86_64/baseos/os/Packages/l/lksctp-tools-1.0.19-3.el9_4.x86_64.rpm
    repoid: rhel-9-for-x86_64-baseos-rpms
    size: 106024
    checksum: sha256:ac2fc5dcba641ec68b03db44c0b644ef10661bc89a060be2aa1eaa9c6a4215db
    name: lksctp-tools
    evr: 1.0.19-3.el9_4
    sourcerpm: lksctp-tools-1.0.19-3.el9_4.src.rpm
  - url: https://cdn.redhat.com/content/dist/rhel9/9.7/x86_64/baseos/os/Packages/n/nftables-1.0.9-6.el9_7.x86_64.rpm
    repoid: rhel-9-for-x86_64-baseos-rpms
    size: 437469
    checksum: sha256:9ef3679a12f899ab4ebd5da31090c6624cfe35812d96f0f4609666aef7786e47
    name: nftables
    evr: 1:1.0.9-6.el9_7
    sourcerpm: nftables-1.0.9-6.el9_7.src.rpm
  - url: https://cdn.redhat.com/content/dist/rhel9/9.7/x86_64/baseos/os/Packages/n/numactl-libs-2.0.19-3.el9.x86_64.rpm
    repoid: rhel-9-for-x86_64-baseos-rpms
    size: 31071
    checksum: sha256:dcf66dcbdacd6d030f240de129ba1e939c30ed4217ccf40d36dcaebb3aa9e728
    name: numactl-libs
    evr: 2.0.19-3.el9
    sourcerpm: numactl-2.0.19-3.el9.src.rpm
  - url: https://cdn.redhat.com/content/dist/rhel9/9.7/x86_64/baseos/os/Packages/o/openssl-3.5.1-7.el9_7.x86_64.rpm
    repoid: rhel-9-for-x86_64-baseos-rpms
    size: 1565197
    checksum: sha256:efc3eb2f303047d5244a0f717a13615820d0de977c62d58bbe6d04ce35df8c6e
    name: openssl
    evr: 1:3.5.1-7.el9_7
    sourcerpm: openssl-3.5.1-7.el9_7.src.rpm
  - url: https://cdn.redhat.com/content/dist/rhel9/9.7/x86_64/baseos/os/Packages/p/pam-1.5.1-26.el9_6.x86_64.rpm
    repoid: rhel-9-for-x86_64-baseos-rpms
    size: 636788
    checksum: sha256:247027fa7a2236c1fb46756ed372637f85cf85886603a2ad5ba918e4231324bc
    name: pam
    evr: 1.5.1-26.el9_6
    sourcerpm: pam-1.5.1-26.el9_6.src.rpm
  - url: https://cdn.redhat.com/content/dist/rhel9/9.7/x86_64/baseos/os/Packages/p/procps-ng-3.3.17-14.el9.x86_64.rpm
    repoid: rhel-9-for-x86_64-baseos-rpms
    size: 361526
    checksum: sha256:506ad778f63821e8d9647ca8e0a3ff21b8af9c1666060d5200f9b26ee718333c
    name: procps-ng
    evr: 3.3.17-14.el9
    sourcerpm: procps-ng-3.3.17-14.el9.src.rpm
  - url: https://cdn.redhat.com/content/dist/rhel9/9.7/x86_64/baseos/os/Packages/p/psmisc-23.4-3.el9.x86_64.rpm
    repoid: rhel-9-for-x86_64-baseos-rpms
    size: 253357
    checksum: sha256:30ad5408417c7f06fb945dc321bef3ce31f813f25389707dd1efa7c1d337b806
    name: psmisc
    evr: 23.4-3.el9
    sourcerpm: psmisc-23.4-3.el9.src.rpm
  - url: https://cdn.redhat.com/content/dist/rhel9/9.7/x86_64/baseos/os/Packages/p/python3-3.9.25-3.el9_7.x86_64.rpm
    repoid: rhel-9-for-x86_64-baseos-rpms
    size: 33157
    checksum: sha256:0e0cadfc2b4ce7eb629c82a2a8f3bebb89ecf828da36ba142ac92d485d2baca4
    name: python3
    evr: 3.9.25-3.el9_7
    sourcerpm: python3.9-3.9.25-3.el9_7.src.rpm
  - url: https://cdn.redhat.com/content/dist/rhel9/9.7/x86_64/baseos/os/Packages/p/python3-libs-3.9.25-3.el9_7.x86_64.rpm
    repoid: rhel-9-for-x86_64-baseos-rpms
    size: 8476238
    checksum: sha256:5140197b69d6cf14dcbc65d4d5733fa1d3d248fa4f7e03e0b0f37faebf45e341
    name: python3-libs
    evr: 3.9.25-3.el9_7
    sourcerpm: python3.9-3.9.25-3.el9_7.src.rpm
  - url: https://cdn.redhat.com/content/dist/rhel9/9.7/x86_64/baseos/os/Packages/p/python3-pip-wheel-21.3.1-1.el9.noarch.rpm
    repoid: rhel-9-for-x86_64-baseos-rpms
    size: 1193706
    checksum: sha256:75c46aab03898c66ce16be556432b71aed7efcedce02b9263339c14f57b4fdc0
    name: python3-pip-wheel
    evr: 21.3.1-1.el9
    sourcerpm: python-pip-21.3.1-1.el9.src.rpm
  - url: https://cdn.redhat.com/content/dist/rhel9/9.7/x86_64/baseos/os/Packages/p/python3-setuptools-wheel-53.0.0-15.el9.noarch.rpm
    repoid: rhel-9-for-x86_64-baseos-rpms
    size: 479203
    checksum: sha256:36dacb345e21bc0308ef2508f0c93995520a15ef0b56aab3593186c8dc9c0c5a
    name: python3-setuptools-wheel
    evr: 53.0.0-15.el9
    sourcerpm: python-setuptools-53.0.0-15.el9.src.rpm
  - url: https://cdn.redhat.com/content/dist/rhel9/9.7/x86_64/baseos/os/Packages/s/systemd-252-55.el9_7.7.x86_64.rpm
    repoid: rhel-9-for-x86_64-baseos-rpms
    size: 4410717
    checksum: sha256:19ea80e6fec0f3a3b1679da5b9051cca50e776c3d4213dc660cc212d668786f7
    name: systemd
    evr: 252-55.el9_7.7
    sourcerpm: systemd-252-55.el9_7.7.src.rpm
  - url: https://cdn.redhat.com/content/dist/rhel9/9.7/x86_64/baseos/os/Packages/s/systemd-pam-252-55.el9_7.7.x86_64.rpm
    repoid: rhel-9-for-x86_64-baseos-rpms
    size: 289346
    checksum: sha256:fda74e652f6bc88ef357df96711ad71d98069ca0355c3cfe24b14fbe54257b24
    name: systemd-pam
    evr: 252-55.el9_7.7
    sourcerpm: systemd-252-55.el9_7.7.src.rpm
  - url: https://cdn.redhat.com/content/dist/rhel9/9.7/x86_64/baseos/os/Packages/s/systemd-rpm-macros-252-55.el9_7.7.noarch.rpm
    repoid: rhel-9-for-x86_64-baseos-rpms
    size: 72275
    checksum: sha256:dd54f47d3773db296cdff65dbc1fc423416a7d1bed7447a11c715a2017ae8760
    name: systemd-rpm-macros
    evr: 252-55.el9_7.7
    sourcerpm: systemd-252-55.el9_7.7.src.rpm
  - url: https://cdn.redhat.com/content/dist/rhel9/9.7/x86_64/baseos/os/Packages/u/util-linux-2.37.4-21.el9_7.x86_64.rpm
    repoid: rhel-9-for-x86_64-baseos-rpms
    size: 2382589
    checksum: sha256:35bdc67c40e276a8b775be673a55b24862755ad9c6a8a8d685c2543431711e9d
    name: util-linux
    evr: 2.37.4-21.el9_7
    sourcerpm: util-linux-2.37.4-21.el9_7.src.rpm
  - url: https://cdn.redhat.com/content/dist/rhel9/9.7/x86_64/baseos/os/Packages/u/util-linux-core-2.37.4-21.el9_7.x86_64.rpm
    repoid: rhel-9-for-x86_64-baseos-rpms
    size: 475071
    checksum: sha256:ac86e01cb061c529b3becdb824e7f62d5ca70f6984f7f775f5355ec13dcbc087
    name: util-linux-core
    evr: 2.37.4-21.el9_7
    sourcerpm: util-linux-2.37.4-21.el9_7.src.rpm
  source: []
  module_metadata: []
